{
  "name": "clearskies",
  "version": "1.0.0",
  "lockfileVersion": 3,
  "requires": true,
  "packages": {
    "": {
      "name": "clearskies",
      "version": "1.0.0",
      "license": "ISC",
      "dependencies": {
        "svgpath": "^2.6.0"
      }
    },
    "node_modules/svgpath": {
      "version": "2.6.0",
      "resolved": "https://registry.npmjs.org/svgpath/-/svgpath-2.6.0.tgz",
      "integrity": "sha512-OIWR6bKzXvdXYyO4DK/UWa1VA1JeKq8E+0ug2DG98Y/vOmMpfZNj+TIG988HjfYSqtcy/hFOtZq/n/j5GSESNg==",
      "license": "MIT",
      "funding": {
        "url": "https://github.com/fontello/svg2ttf?sponsor=1"
      }
    }
  }
}
